# Generated by pub
# See https://dart.dev/tools/pub/glossary#lockfile
packages:
  archive:
    dependency: "direct dev"
    description:
      name: archive
      sha256: d6347d54a2d8028e0437e3c099f66fdb8ae02c4720c1e7534c9f24c10351f85d
      url: "https://pub.flutter-io.cn"
    source: hosted
    version: "3.3.6"
  args:
    dependency: transitive
    description:
      name: args
      sha256: "139d809800a412ebb26a3892da228b2d0ba36f0ef5d9a82166e5e52ec8d61611"
      url: "https://pub.flutter-io.cn"
    source: hosted
    version: "2.3.2"
  async:
    dependency: transitive
    description:
      name: async
      sha256: bfe67ef28df125b7dddcea62755991f807aa39a2492a23e1550161692950bbe0
      url: "https://pub.flutter-io.cn"
    source: hosted
    version: "2.10.0"
  axis_layout:
    dependency: transitive
    description:
      name: axis_layout
      sha256: "645f76e306a48e1075f8f142bd8ef12c6ceb25cb8d8fdc53aa9d5b4e08a7994a"
      url: "https://pub.flutter-io.cn"
    source: hosted
    version: "1.0.0"
  boolean_selector:
    dependency: transitive
    description:
      name: boolean_selector
      sha256: "6cfb5af12253eaf2b368f07bacc5a80d1301a071c73360d746b7f2e32d762c66"
      url: "https://pub.flutter-io.cn"
    source: hosted
    version: "2.1.1"
  bot_toast:
    dependency: "direct main"
    description:
      name: bot_toast
      sha256: "19306147033316a7873c5d261b874fca3f341c05e4e1c12be56153ad11187edd"
      url: "https://pub.flutter-io.cn"
    source: hosted
    version: "4.0.3"
  characters:
    dependency: transitive
    description:
      name: characters
      sha256: e6a326c8af69605aec75ed6c187d06b349707a27fbff8222ca9cc2cff167975c
      url: "https://pub.flutter-io.cn"
    source: hosted
    version: "1.2.1"
  charcode:
    dependency: transitive
    description:
      name: charcode
      sha256: fb98c0f6d12c920a02ee2d998da788bca066ca5f148492b7085ee23372b12306
      url: "https://pub.flutter-io.cn"
    source: hosted
    version: "1.3.1"
  clock:
    dependency: transitive
    description:
      name: clock
      sha256: cb6d7f03e1de671e34607e909a7213e31d7752be4fb66a86d29fe1eb14bfb5cf
      url: "https://pub.flutter-io.cn"
    source: hosted
    version: "1.1.1"
  collection:
    dependency: transitive
    description:
      name: collection
      sha256: cfc915e6923fe5ce6e153b0723c753045de46de1b4d63771530504004a45fae0
      url: "https://pub.flutter-io.cn"
    source: hosted
    version: "1.17.0"
  convert:
    dependency: transitive
    description:
      name: convert
      sha256: "0f08b14755d163f6e2134cb58222dd25ea2a2ee8a195e53983d57c075324d592"
      url: "https://pub.flutter-io.cn"
    source: hosted
    version: "3.1.1"
  crypto:
    dependency: transitive
    description:
      name: crypto
      sha256: aa274aa7774f8964e4f4f38cc994db7b6158dd36e9187aaceaddc994b35c6c67
      url: "https://pub.flutter-io.cn"
    source: hosted
    version: "3.0.2"
  cupertino_icons:
    dependency: "direct main"
    description:
      name: cupertino_icons
      sha256: e35129dc44c9118cee2a5603506d823bab99c68393879edb440e0090d07586be
      url: "https://pub.flutter-io.cn"
    source: hosted
    version: "1.0.5"
  davi:
    dependency: "direct main"
    description:
      name: davi
      sha256: c47ff1da5bb0930a8c725030af2b14528e470ff2e28a863c4f3d710133bdbe7e
      url: "https://pub.flutter-io.cn"
    source: hosted
    version: "3.2.0"
  day:
    dependency: "direct main"
    description:
      name: day
      sha256: "1e7068deb2f825a8b705d01d1116cc485ddc32531b43dc8c4bf58c5a1b87cd48"
      url: "https://pub.flutter-io.cn"
    source: hosted
    version: "0.8.0"
  dio:
    dependency: "direct main"
    description:
      name: dio
      sha256: "7d328c4d898a61efc3cd93655a0955858e29a0aa647f0f9e02d59b3bb275e2e8"
      url: "https://pub.flutter-io.cn"
    source: hosted
    version: "4.0.6"
  fake_async:
    dependency: transitive
    description:
      name: fake_async
      sha256: "511392330127add0b769b75a987850d136345d9227c6b94c96a04cf4a391bf78"
      url: "https://pub.flutter-io.cn"
    source: hosted
    version: "1.3.1"
  ffi:
    dependency: transitive
    description:
      name: ffi
      sha256: a38574032c5f1dd06c4aee541789906c12ccaab8ba01446e800d9c5b79c4a978
      url: "https://pub.flutter-io.cn"
    source: hosted
    version: "2.0.1"
  flutter:
    dependency: "direct main"
    description: flutter
    source: sdk
    version: "0.0.0"
  flutter_emoji:
    dependency: "direct main"
    description:
      name: flutter_emoji
      sha256: a4341f2440b7f97c2ec4bb19a0903f313918a755c55d30ac746f1312085788dd
      url: "https://pub.flutter-io.cn"
    source: hosted
    version: "2.4.0"
  flutter_lints:
    dependency: "direct dev"
    description:
      name: flutter_lints
      sha256: aeb0b80a8b3709709c9cc496cdc027c5b3216796bc0af0ce1007eaf24464fd4c
      url: "https://pub.flutter-io.cn"
    source: hosted
    version: "2.0.1"
  flutter_localizations:
    dependency: "direct main"
    description: flutter
    source: sdk
    version: "0.0.0"
  flutter_spinkit:
    dependency: "direct main"
    description:
      name: flutter_spinkit
      sha256: "77a2117c0517ff909221f3160b8eb20052ab5216107581168af574ac1f05dff8"
      url: "https://pub.flutter-io.cn"
    source: hosted
    version: "5.1.0"
  flutter_test:
    dependency: "direct dev"
    description: flutter
    source: sdk
    version: "0.0.0"
  flutter_web_plugins:
    dependency: transitive
    description: flutter
    source: sdk
    version: "0.0.0"
  get:
    dependency: "direct main"
    description:
      name: get
      sha256: "2ba20a47c8f1f233bed775ba2dd0d3ac97b4cf32fc17731b3dfc672b06b0e92a"
      url: "https://pub.flutter-io.cn"
    source: hosted
    version: "4.6.5"
  http:
    dependency: transitive
    description:
      name: http
      sha256: "6aa2946395183537c8b880962d935877325d6a09a2867c3970c05c0fed6ac482"
      url: "https://pub.flutter-io.cn"
    source: hosted
    version: "0.13.5"
  http_parser:
    dependency: transitive
    description:
      name: http_parser
      sha256: "2aa08ce0341cc9b354a498388e30986515406668dbcc4f7c950c3e715496693b"
      url: "https://pub.flutter-io.cn"
    source: hosted
    version: "4.0.2"
  intl:
    dependency: transitive
    description:
      name: intl
      sha256: "910f85bce16fb5c6f614e117efa303e85a1731bb0081edf3604a2ae6e9a3cc91"
      url: "https://pub.flutter-io.cn"
    source: hosted
    version: "0.17.0"
  js:
    dependency: transitive
    description:
      name: js
      sha256: "5528c2f391ededb7775ec1daa69e65a2d61276f7552de2b5f7b8d34ee9fd4ab7"
      url: "https://pub.flutter-io.cn"
    source: hosted
    version: "0.6.5"
  lint:
    dependency: transitive
    description:
      name: lint
      sha256: "4a539aa34ec5721a2c7574ae2ca0336738ea4adc2a34887d54b7596310b33c85"
      url: "https://pub.flutter-io.cn"
    source: hosted
    version: "1.10.0"
  lints:
    dependency: transitive
    description:
      name: lints
      sha256: "5e4a9cd06d447758280a8ac2405101e0e2094d2a1dbdd3756aec3fe7775ba593"
      url: "https://pub.flutter-io.cn"
    source: hosted
    version: "2.0.1"
  matcher:
    dependency: transitive
    description:
      name: matcher
      sha256: "16db949ceee371e9b99d22f88fa3a73c4e59fd0afed0bd25fc336eb76c198b72"
      url: "https://pub.flutter-io.cn"
    source: hosted
    version: "0.12.13"
  material_color_utilities:
    dependency: transitive
    description:
      name: material_color_utilities
      sha256: d92141dc6fe1dad30722f9aa826c7fbc896d021d792f80678280601aff8cf724
      url: "https://pub.flutter-io.cn"
    source: hosted
    version: "0.2.0"
  menu_base:
    dependency: transitive
    description:
      name: menu_base
      sha256: "820368014a171bd1241030278e6c2617354f492f5c703d7b7d4570a6b8b84405"
      url: "https://pub.flutter-io.cn"
    source: hosted
    version: "0.1.1"
  meta:
    dependency: transitive
    description:
      name: meta
      sha256: "6c268b42ed578a53088d834796959e4a1814b5e9e164f147f580a386e5decf42"
      url: "https://pub.flutter-io.cn"
    source: hosted
    version: "1.8.0"
  package_info_plus:
    dependency: transitive
    description:
      name: package_info_plus
      sha256: "8df5ab0a481d7dc20c0e63809e90a588e496d276ba53358afc4c4443d0a00697"
      url: "https://pub.flutter-io.cn"
    source: hosted
    version: "3.0.3"
  package_info_plus_platform_interface:
    dependency: transitive
    description:
      name: package_info_plus_platform_interface
      sha256: "9bc8ba46813a4cc42c66ab781470711781940780fd8beddd0c3da62506d3a6c6"
      url: "https://pub.flutter-io.cn"
    source: hosted
    version: "2.0.1"
  path:
    dependency: "direct main"
    description:
      name: path
      sha256: db9d4f58c908a4ba5953fcee2ae317c94889433e5024c27ce74a37f94267945b
      url: "https://pub.flutter-io.cn"
    source: hosted
    version: "1.8.2"
  plugin_platform_interface:
    dependency: transitive
    description:
      name: plugin_platform_interface
      sha256: dbf0f707c78beedc9200146ad3cb0ab4d5da13c246336987be6940f026500d3a
      url: "https://pub.flutter-io.cn"
    source: hosted
    version: "2.1.3"
  pointycastle:
    dependency: transitive
    description:
      name: pointycastle
      sha256: db7306cf0249f838d1a24af52b5a5887c5bf7f31d8bb4e827d071dc0939ad346
      url: "https://pub.flutter-io.cn"
    source: hosted
    version: "3.6.2"
  process_run:
    dependency: "direct main"
    description:
      name: process_run
      sha256: "1142d7f4f0c3f36393a1319406efcf481def2b6d862b2bf600c8ae8fa74d5bd8"
      url: "https://pub.flutter-io.cn"
    source: hosted
    version: "0.12.5+2"
  protocol_handler:
    dependency: "direct main"
    description:
      name: protocol_handler
      sha256: "4ff265b97f95f3005dd4b78003fee296e2ed2d088c99f8cf65001378be43095a"
      url: "https://pub.flutter-io.cn"
    source: hosted
    version: "0.1.4"
  pub_semver:
    dependency: transitive
    description:
      name: pub_semver
      sha256: "307de764d305289ff24ad257ad5c5793ce56d04947599ad68b3baa124105fc17"
      url: "https://pub.flutter-io.cn"
    source: hosted
    version: "2.1.3"
  screen_retriever:
    dependency: transitive
    description:
      name: screen_retriever
      sha256: "4931f226ca158123ccd765325e9fbf360bfed0af9b460a10f960f9bb13d58323"
      url: "https://pub.flutter-io.cn"
    source: hosted
    version: "0.1.6"
  sentry:
    dependency: transitive
    description:
      name: sentry
      sha256: "81c1f32496ff04476d6ddfe5894215b1034d185301d2e3dffd272853392c5ea7"
      url: "https://pub.flutter-io.cn"
    source: hosted
    version: "6.20.1"
  sentry_dio:
    dependency: "direct main"
    description:
      name: sentry_dio
      sha256: "50fa69da36b962213df15f42720122d2bc132a9b96cb56cafa0b188aefeb9297"
      url: "https://pub.flutter-io.cn"
    source: hosted
    version: "6.20.1"
  sentry_flutter:
    dependency: "direct main"
    description:
      name: sentry_flutter
      sha256: "5ca2c8d86c220f7ad3109bedceb2c51b0e90bac5218e732be98ea2cba8006461"
      url: "https://pub.flutter-io.cn"
    source: hosted
    version: "6.20.1"
  shortid:
    dependency: transitive
    description:
      name: shortid
      sha256: d0b40e3dbb50497dad107e19c54ca7de0d1a274eb9b4404991e443dadb9ebedb
      url: "https://pub.flutter-io.cn"
    source: hosted
    version: "0.1.2"
  sky_engine:
    dependency: transitive
    description: flutter
    source: sdk
    version: "0.0.99"
  source_span:
    dependency: transitive
    description:
      name: source_span
      sha256: dd904f795d4b4f3b870833847c461801f6750a9fa8e61ea5ac53f9422b31f250
      url: "https://pub.flutter-io.cn"
    source: hosted
    version: "1.9.1"
  stack_trace:
    dependency: transitive
    description:
      name: stack_trace
      sha256: c3c7d8edb15bee7f0f74debd4b9c5f3c2ea86766fe4178eb2a18eb30a0bdaed5
      url: "https://pub.flutter-io.cn"
    source: hosted
    version: "1.11.0"
  stream_channel:
    dependency: transitive
    description:
      name: stream_channel
      sha256: "83615bee9045c1d322bbbd1ba209b7a749c2cbcdcb3fdd1df8eb488b3279c1c8"
      url: "https://pub.flutter-io.cn"
    source: hosted
    version: "2.1.1"
  string_scanner:
    dependency: transitive
    description:
      name: string_scanner
      sha256: "556692adab6cfa87322a115640c11f13cb77b3f076ddcc5d6ae3c20242bedcde"
      url: "https://pub.flutter-io.cn"
    source: hosted
    version: "1.2.0"
  styled_widget:
    dependency: "direct main"
    description:
      name: styled_widget
      sha256: "4d439802919b6ccf10d1488798656da8804633b03012682dd1c8ca70a084aa84"
      url: "https://pub.flutter-io.cn"
    source: hosted
    version: "0.4.1"
  synchronized:
    dependency: transitive
    description:
      name: synchronized
      sha256: "33b31b6beb98100bf9add464a36a8dd03eb10c7a8cf15aeec535e9b054aaf04b"
      url: "https://pub.flutter-io.cn"
    source: hosted
    version: "3.0.1"
  term_glyph:
    dependency: transitive
    description:
      name: term_glyph
      sha256: a29248a84fbb7c79282b40b8c72a1209db169a2e0542bce341da992fe1bc7e84
      url: "https://pub.flutter-io.cn"
    source: hosted
    version: "1.2.1"
  test_api:
    dependency: transitive
    description:
      name: test_api
      sha256: ad540f65f92caa91bf21dfc8ffb8c589d6e4dc0c2267818b4cc2792857706206
      url: "https://pub.flutter-io.cn"
    source: hosted
    version: "0.4.16"
  tray_manager:
    dependency: "direct main"
    description:
      name: tray_manager
      sha256: b1975a05e0c6999e983cf9a58a6a098318c896040ccebac5398a3cc9e43b9c69
      url: "https://pub.flutter-io.cn"
    source: hosted
    version: "0.2.0"
  typed_data:
    dependency: transitive
    description:
      name: typed_data
      sha256: "26f87ade979c47a150c9eaab93ccd2bebe70a27dc0b4b29517f2904f04eb11a5"
      url: "https://pub.flutter-io.cn"
    source: hosted
    version: "1.3.1"
  url_launcher:
    dependency: "direct main"
    description:
      name: url_launcher
      sha256: e8f2efc804810c0f2f5b485f49e7942179f56eabcfe81dce3387fec4bb55876b
      url: "https://pub.flutter-io.cn"
    source: hosted
    version: "6.1.9"
  url_launcher_android:
    dependency: transitive
    description:
      name: url_launcher_android
      sha256: "3e2f6dfd2c7d9cd123296cab8ef66cfc2c1a13f5845f42c7a0f365690a8a7dd1"
      url: "https://pub.flutter-io.cn"
    source: hosted
    version: "6.0.23"
  url_launcher_ios:
    dependency: transitive
    description:
      name: url_launcher_ios
      sha256: "0a5af0aefdd8cf820dd739886efb1637f1f24489900204f50984634c07a54815"
      url: "https://pub.flutter-io.cn"
    source: hosted
    version: "6.1.0"
  url_launcher_linux:
    dependency: transitive
    description:
      name: url_launcher_linux
      sha256: "318c42cba924e18180c029be69caf0a1a710191b9ec49bb42b5998fdcccee3cc"
      url: "https://pub.flutter-io.cn"
    source: hosted
    version: "3.0.2"
  url_launcher_macos:
    dependency: transitive
    description:
      name: url_launcher_macos
      sha256: "41988b55570df53b3dd2a7fc90c76756a963de6a8c5f8e113330cb35992e2094"
      url: "https://pub.flutter-io.cn"
    source: hosted
    version: "3.0.2"
  url_launcher_platform_interface:
    dependency: transitive
    description:
      name: url_launcher_platform_interface
      sha256: "4eae912628763eb48fc214522e58e942fd16ce195407dbf45638239523c759a6"
      url: "https://pub.flutter-io.cn"
    source: hosted
    version: "2.1.1"
  url_launcher_web:
    dependency: transitive
    description:
      name: url_launcher_web
      sha256: "44d79408ce9f07052095ef1f9a693c258d6373dc3944249374e30eff7219ccb0"
      url: "https://pub.flutter-io.cn"
    source: hosted
    version: "2.0.14"
  url_launcher_windows:
    dependency: transitive
    description:
      name: url_launcher_windows
      sha256: b6217370f8eb1fd85c8890c539f5a639a01ab209a36db82c921ebeacefc7a615
      url: "https://pub.flutter-io.cn"
    source: hosted
    version: "3.0.3"
  uuid:
    dependency: transitive
    description:
      name: uuid
      sha256: "648e103079f7c64a36dc7d39369cabb358d377078a051d6ae2ad3aa539519313"
      url: "https://pub.flutter-io.cn"
    source: hosted
    version: "3.0.7"
  vclibs:
    dependency: "direct main"
    description:
      name: vclibs
      sha256: fd57183a8a01b2767f41f79dfffafb3baf09baee7c9a3ae6ff0ac6abec499451
      url: "https://pub.flutter-io.cn"
    source: hosted
    version: "0.1.0"
  vector_math:
    dependency: transitive
    description:
      name: vector_math
      sha256: "80b3257d1492ce4d091729e3a67a60407d227c27241d6927be0130c98e741803"
      url: "https://pub.flutter-io.cn"
    source: hosted
    version: "2.1.4"
  web_socket_channel:
    dependency: "direct main"
    description:
      name: web_socket_channel
      sha256: ca49c0bc209c687b887f30527fb6a9d80040b072cc2990f34b9bec3e7663101b
      url: "https://pub.flutter-io.cn"
    source: hosted
    version: "2.3.0"
  win32:
    dependency: transitive
    description:
      name: win32
      sha256: c9ebe7ee4ab0c2194e65d3a07d8c54c5d00bb001b76081c4a04cdb8448b59e46
      url: "https://pub.flutter-io.cn"
    source: hosted
    version: "3.1.3"
  win32_registry:
    dependency: transitive
    description:
      name: win32_registry
      sha256: "66e78552f17501aced68fe77425b13156998f1bd3d58f1cd8cd0af2dbe4520e3"
      url: "https://pub.flutter-io.cn"
    source: hosted
    version: "1.0.2"
  window_manager:
    dependency: "direct main"
    description:
      name: window_manager
      sha256: "5bdd29dc5f1f3185fc90696373a571d77968e03e5e820fb1ecdbdade3f5d8fff"
      url: "https://pub.flutter-io.cn"
    source: hosted
    version: "0.3.0"
  yaml:
    dependency: "direct main"
    description:
      name: yaml
      sha256: "23812a9b125b48d4007117254bca50abb6c712352927eece9e155207b1db2370"
      url: "https://pub.flutter-io.cn"
    source: hosted
    version: "3.1.1"
sdks:
  dart: ">=2.18.0 <3.0.0"
  flutter: ">=3.3.0"
